
Microsoft Visual Studio Solution File, Format Version 12.00
# Visual Studio Version 17
VisualStudioVersion = 17.2.32317.152
MinimumVisualStudioVersion = 10.0.40219.1
Project("{54A90642-561A-4BB1-A94E-469ADEE60C69}") = "nisaamblog-frontend", "NisaamBlog-Frontend\nisaamblog-frontend.esproj", "{B8DE3368-EB9D-4DA8-809B-0317AE963F60}"
EndProject
Project("{FAE04EC0-301F-11D3-BF4B-00C04F79EFBC}") = "NisaamBlog-Backend", "NisaamBlog-Backend\NisaamBlog-Backend.csproj", "{629B1A9E-0C40-4048-8F8D-19E23F7C0AAA}"
EndProject
Global
	GlobalSection(SolutionConfigurationPlatforms) = preSolution
		Debug|Any CPU = Debug|Any CPU
		Release|Any CPU = Release|Any CPU
	EndGlobalSection
	GlobalSection(ProjectConfigurationPlatforms) = postSolution
		{B8DE3368-EB9D-4DA8-809B-0317AE963F60}.Debug|Any CPU.ActiveCfg = Debug|Any CPU
		{B8DE3368-EB9D-4DA8-809B-0317AE963F60}.Debug|Any CPU.Build.0 = Debug|Any CPU
		{B8DE3368-EB9D-4DA8-809B-0317AE963F60}.Debug|Any CPU.Deploy.0 = Debug|Any CPU
		{B8DE3368-EB9D-4DA8-809B-0317AE963F60}.Release|Any CPU.ActiveCfg = Release|Any CPU
		{B8DE3368-EB9D-4DA8-809B-0317AE963F60}.Release|Any CPU.Build.0 = Release|Any CPU
		{B8DE3368-EB9D-4DA8-809B-0317AE963F60}.Release|Any CPU.Deploy.0 = Release|Any CPU
		{629B1A9E-0C40-4048-8F8D-19E23F7C0AAA}.Debug|Any CPU.ActiveCfg = Debug|Any CPU
		{629B1A9E-0C40-4048-8F8D-19E23F7C0AAA}.Debug|Any CPU.Build.0 = Debug|Any CPU
		{629B1A9E-0C40-4048-8F8D-19E23F7C0AAA}.Release|Any CPU.ActiveCfg = Release|Any CPU
		{629B1A9E-0C40-4048-8F8D-19E23F7C0AAA}.Release|Any CPU.Build.0 = Release|Any CPU
	EndGlobalSection
	GlobalSection(SolutionProperties) = preSolution
		HideSolutionNode = FALSE
	EndGlobalSection
	GlobalSection(ExtensibilityGlobals) = postSolution
		SolutionGuid = {56285F4E-A739-46A7-8945-0B96FB2D1B32}
	EndGlobalSection
EndGlobal
